<?xml version="1.0" encoding="utf-8"?>
<Project ToolsVersion="4.0" xmlns="http://schemas.microsoft.com/developer/msbuild/2003">
  <ItemGroup>
    <Filter Include="Source Files">
      <UniqueIdentifier>{4FC737F1-C7A5-4376-A066-2A32D752A2FF}</UniqueIdentifier>
      <Extensions>cpp;c;cc;cxx;c++;def;odl;idl;hpj;bat;asm;asmx</Extensions>
    </Filter>
    <Filter Include="Header Files">
      <UniqueIdentifier>{93995380-89BD-4b04-88EB-625FBE52EBFB}</UniqueIdentifier>
      <Extensions>h;hh;hpp;hxx;h++;hm;inl;inc;ipp;xsd</Extensions>
    </Filter>
    <Filter Include="Resource Files">
      <UniqueIdentifier>{67DA6AB6-F800-4c08-8B7A-83BB121AAD01}</UniqueIdentifier>
      <Extensions>rc;ico;cur;bmp;dlg;rc2;rct;bin;rgs;gif;jpg;jpeg;jpe;resx;tiff;tif;png;wav;mfcribbon-ms</Extensions>
    </Filter>
    <Filter Include="Header Files\Game">
      <UniqueIdentifier>{a327aa18-b52f-4057-9361-c693a487b79e}</UniqueIdentifier>
    </Filter>
    <Filter Include="Source Files\Game">
      <UniqueIdentifier>{56a8d63b-4c48-4661-8fec-2ddfc7d0cf48}</UniqueIdentifier>
    </Filter>
    <Filter Include="Header Files\Agent">
      <UniqueIdentifier>{911bf1b7-d5d3-4b38-b80a-b7e269d2a2a9}</UniqueIdentifier>
    </Filter>
    <Filter Include="Source Files\Agent">
      <UniqueIdentifier>{b644be48-28bd-4454-bbf8-fb926a5caea3}</UniqueIdentifier>
    </Filter>
    <Filter Include="Header Files\Statistics">
      <UniqueIdentifier>{e9e1ecd5-8f4a-413c-83f3-fde58d96b5a6}</UniqueIdentifier>
    </Filter>
  </ItemGroup>
  <ItemGroup>
    <ClCompile Include="main.cpp">
      <Filter>Source Files</Filter>
    </ClCompile>
    <ClCompile Include="GameBoard.cpp">
      <Filter>Source Files\Game</Filter>
    </ClCompile>
    <ClCompile Include="GameManager.cpp">
      <Filter>Source Files\Game</Filter>
    </ClCompile>
    <ClCompile Include="Agent.cpp">
      <Filter>Source Files\Agent</Filter>
    </ClCompile>
    <ClCompile Include="Node.cpp">
      <Filter>Source Files\Agent</Filter>
    </ClCompile>
  </ItemGroup>
  <ItemGroup>
    <ClInclude Include="GameManager.h">
      <Filter>Header Files\Game</Filter>
    </ClInclude>
    <ClInclude Include="GameBoard.h">
      <Filter>Header Files\Game</Filter>
    </ClInclude>
    <ClInclude Include="MoveInfo.h">
      <Filter>Header Files\Game</Filter>
    </ClInclude>
    <ClInclude Include="MoveID.h">
      <Filter>Header Files\Game</Filter>
    </ClInclude>
    <ClInclude Include="Agent.h">
      <Filter>Header Files\Agent</Filter>
    </ClInclude>
    <ClInclude Include="Node.h">
      <Filter>Header Files\Agent</Filter>
    </ClInclude>
    <ClInclude Include="TemperatureDistribution.h">
      <Filter>Header Files\Statistics</Filter>
    </ClInclude>
  </ItemGroup>
</Project>